// !$*UTF8*$!
{
	archiveVersion = 1;
	classes = {
	};
	objectVersion = 50;
	objects = {

/* Begin PBXBuildFile section */
		3F0CD5E02345270B00D569D7 /* AppDelegate.swift in Sources */ = {isa = PBXBuildFile; fileRef = 3F0CD5DF2345270B00D569D7 /* AppDelegate.swift */; };
		3F0CD5E22345270B00D569D7 /* ViewController.swift in Sources */ = {isa = PBXBuildFile; fileRef = 3F0CD5E12345270B00D569D7 /* ViewController.swift */; };
		3F0CD5E52345270B00D569D7 /* Main.storyboard in Resources */ = {isa = PBXBuildFile; fileRef = 3F0CD5E32345270B00D569D7 /* Main.storyboard */; };
		3F0CD5E72345270C00D569D7 /* Assets.xcassets in Resources */ = {isa = PBXBuildFile; fileRef = 3F0CD5E62345270C00D569D7 /* Assets.xcassets */; };
		3F0CD5EA2345270C00D569D7 /* LaunchScreen.storyboard in Resources */ = {isa = PBXBuildFile; fileRef = 3F0CD5E82345270C00D569D7 /* LaunchScreen.storyboard */; };
		3F0CD5F32345281A00D569D7 /* MapKit.framework in Frameworks */ = {isa = PBXBuildFile; fileRef = 3F0CD5F22345281A00D569D7 /* MapKit.framework */; };
		3F0CD5F52345283300D569D7 /* CoreLocation.framework in Frameworks */ = {isa = PBXBuildFile; fileRef = 3F0CD5F42345283300D569D7 /* CoreLocation.framework */; };
/* End PBXBuildFile section */

/* Begin PBXFileReference section */
		3F0CD5DC2345270B00D569D7 /* AulaMapKitUFRJTarde.app */ = {isa = PBXFileReference; explicitFileType = wrapper.application; includeInIndex = 0; path = AulaMapKitUFRJTarde.app; sourceTree = BUILT_PRODUCTS_DIR; };
		3F0CD5DF2345270B00D569D7 /* AppDelegate.swift */ = {isa = PBXFileReference; lastKnownFileType = sourcecode.swift; path = AppDelegate.swift; sourceTree = "<group>"; };
		3F0CD5E12345270B00D569D7 /* ViewController.swift */ = {isa = PBXFileReference; lastKnownFileType = sourcecode.swift; path = ViewController.swift; sourceTree = "<group>"; };
		3F0CD5E42345270B00D569D7 /* Base */ = {isa = PBXFileReference; lastKnownFileType = file.storyboard; name = Base; path = Base.lproj/Main.storyboard; sourceTree = "<group>"; };
		3F0CD5E62345270C00D569D7 /* Assets.xcassets */ = {isa = PBXFileReference; lastKnownFileType = folder.assetcatalog; path = Assets.xcassets; sourceTree = "<group>"; };
		3F0CD5E92345270C00D569D7 /* Base */ = {isa = PBXFileReference; lastKnownFileType = file.storyboard; name = Base; path = Base.lproj/LaunchScreen.storyboard; sourceTree = "<group>"; };
		3F0CD5EB2345270C00D569D7 /* Info.plist */ = {isa = PBXFileReference; lastKnownFileType = text.plist.xml; path = Info.plist; sourceTree = "<group>"; };
		3F0CD5F22345281A00D569D7 /* MapKit.framework */ = {isa = PBXFileReference; lastKnownFileType = wrapper.framework; name = MapKit.framework; path = System/Library/Frameworks/MapKit.framework; sourceTree = SDKROOT; };
		3F0CD5F42345283300D569D7 /* CoreLocation.framework */ = {isa = PBXFileReference; lastKnownFileType = wrapper.framework; name = CoreLocation.framework; path = System/Library/Frameworks/CoreLocation.framework; sourceTree = SDKROOT; };
/* End PBXFileReference section */

/* Begin PBXFrameworksBuildPhase section */
		3F0CD5D92345270B00D569D7 /* Frameworks */ = {
			isa = PBXFrameworksBuildPhase;
			buildActionMask = 2147483647;
			files = (
				3F0CD5F52345283300D569D7 /* CoreLocation.framework in Frameworks */,
				3F0CD5F32345281A00D569D7 /* MapKit.framework in Frameworks */,
			);
			runOnlyForDeploymentPostprocessing = 0;
		};
/* End PBXFrameworksBuildPhase section */

/* Begin PBXGroup section */
		3F0CD5D32345270B00D569D7 = {
			isa = PBXGroup;
			children = (
				3F0CD5DE2345270B00D569D7 /* AulaMapKitUFRJTarde */,
				3F0CD5DD2345270B00D569D7 /* Products */,
				3F0CD5F12345281800D569D7 /* Frameworks */,
			);
			sourceTree = "<group>";
		};
		3F0CD5DD2345270B00D569D7 /* Products */ = {
			isa = PBXGroup;
			children = (
				3F0CD5DC2345270B00D569D7 /* AulaMapKitUFRJTarde.app */,
			);
			name = Products;
			sourceTree = "<group>";
		};
		3F0CD5DE2345270B00D569D7 /* AulaMapKitUFRJTarde */ = {
			isa = PBXGroup;
			children = (
				3F0CD5DF2345270B00D569D7 /* AppDelegate.swift */,
				3F0CD5E12345270B00D569D7 /* ViewController.swift */,
				3F0CD5E32345270B00D569D7 /* Main.storyboard */,
				3F0CD5E62345270C00D569D7 /* Assets.xcassets */,
				3F0CD5E82345270C00D569D7 /* LaunchScreen.storyboard */,
				3F0CD5EB2345270C00D569D7 /* Info.plist */,
			);
			path = AulaMapKitUFRJTarde;
			sourceTree = "<group>";
		};
		3F0CD5F12345281800D569D7 /* Frameworks */ = {
			isa = PBXGroup;
			children = (
				3F0CD5F42345283300D569D7 /* CoreLocation.framework */,
				3F0CD5F22345281A00D569D7 /* MapKit.framework */,
			);
			name = Frameworks;
			sourceTree = "<group>";
		};
/* End PBXGroup section */

/* Begin PBXNativeTarget section */
		3F0CD5DB2345270B00D569D7 /* AulaMapKitUFRJTarde */ = {
			isa = PBXNativeTarget;
			buildConfigurationList = 3F0CD5EE2345270C00D569D7 /* Build configuration list for PBXNativeTarget "AulaMapKitUFRJTarde" */;
			buildPhases = (
				3F0CD5D82345270B00D569D7 /* Sources */,
				3F0CD5D92345270B00D569D7 /* Frameworks */,
				3F0CD5DA2345270B00D569D7 /* Resources */,
			);
			buildRules = (
			);
			dependencies = (
			);
			name = AulaMapKitUFRJTarde;
			productName = AulaMapKitUFRJTarde;
			productReference = 3F0CD5DC2345270B00D569D7 /* AulaMapKitUFRJTarde.app */;
			productType = "com.apple.product-type.application";
		};
/* End PBXNativeTarget section */

/* Begin PBXProject section */
		3F0CD5D42345270B00D569D7 /* Project object */ = {
			isa = PBXProject;
			attributes = {
				LastSwiftUpdateCheck = 1030;
				LastUpgradeCheck = 1030;
				ORGANIZATIONNAME = Student;
				TargetAttributes = {
					3F0CD5DB2345270B00D569D7 = {
						CreatedOnToolsVersion = 10.3;
					};
				};
			};
			buildConfigurationList = 3F0CD5D72345270B00D569D7 /* Build configuration list for PBXProject "AulaMapKitUFRJTarde" */;
			compatibilityVersion = "Xcode 9.3";
			developmentRegion = en;
			hasScannedForEncodings = 0;
			knownRegions = (
				en,
				Base,
			);
			mainGroup = 3F0CD5D32345270B00D569D7;
			productRefGroup = 3F0CD5DD2345270B00D569D7 /* Products */;
			projectDirPath = "";
			projectRoot = "";
			targets = (
				3F0CD5DB2345270B00D569D7 /* AulaMapKitUFRJTarde */,
			);
		};
/* End PBXProject section */

/* Begin PBXResourcesBuildPhase section */
		3F0CD5DA2345270B00D569D7 /* Resources */ = {
			isa = PBXResourcesBuildPhase;
			buildActionMask = 2147483647;
			files = (
				3F0CD5EA2345270C00D569D7 /* LaunchScreen.storyboard in Resources */,
				3F0CD5E72345270C00D569D7 /* Assets.xcassets in Resources */,
				3F0CD5E52345270B00D569D7 /* Main.storyboard in Resources */,
			);
			runOnlyForDeploymentPostprocessing = 0;
		};
/* End PBXResourcesBuildPhase section */

/* Begin PBXSourcesBuildPhase section */
		3F0CD5D82345270B00D569D7 /* Sources */ = {
			isa = PBXSourcesBuildPhase;
			buildActionMask = 2147483647;
			files = (
				3F0CD5E22345270B00D569D7 /* ViewController.swift in Sources */,
				3F0CD5E02345270B00D569D7 /* AppDelegate.swift in Sources */,
			);
			runOnlyForDeploymentPostprocessing = 0;
		};
/* End PBXSourcesBuildPhase section */

/* Begin PBXVariantGroup section */
		3F0CD5E32345270B00D569D7 /* Main.storyboard */ = {
			isa = PBXVariantGroup;
			children = (
				3F0CD5E42345270B00D569D7 /* Base */,
			);
			name = Main.storyboard;
			sourceTree = "<group>";
		};
		3F0CD5E82345270C00D569D7 /* LaunchScreen.storyboard */ = {
			isa = PBXVariantGroup;
			children = (
				3F0CD5E92345270C00D569D7 /* Base */,
			);
			name = LaunchScreen.storyboard;
			sourceTree = "<group>";
		};
/* End PBXVariantGroup section */

/* Begin XCBuildConfiguration section */
		3F0CD5EC2345270C00D569D7 /* Debug */ = {
			isa = XCBuildConfiguration;
			buildSettings = {
				ALWAYS_SEARCH_USER_PATHS = NO;
				CLANG_ANALYZER_NONNULL = YES;
				CLANG_ANALYZER_NUMBER_OBJECT_CONVERSION = YES_AGGRESSIVE;
				CLANG_CXX_LANGUAGE_STANDARD = "gnu++14";
				CLANG_CXX_LIBRARY = "libc++";
				CLANG_ENABLE_MODULES = YES;
				CLANG_ENABLE_OBJC_ARC = YES;
				CLANG_ENABLE_OBJC_WEAK = YES;
				CLANG_WARN_BLOCK_CAPTURE_AUTORELEASING = YES;
				CLANG_WARN_BOOL_CONVERSION = YES;
				CLANG_WARN_COMMA = YES;
				CLANG_WARN_CONSTANT_CONVERSION = YES;
				CLANG_WARN_DEPRECATED_OBJC_IMPLEMENTATIONS = YES;
				CLANG_WARN_DIRECT_OBJC_ISA_USAGE = YES_ERROR;
				CLANG_WARN_DOCUMENTATION_COMMENTS = YES;
				CLANG_WARN_EMPTY_BODY = YES;
				CLANG_WARN_ENUM_CONVERSION = YES;
				CLANG_WARN_INFINITE_RECURSION = YES;
				CLANG_WARN_INT_CONVERSION = YES;
				CLANG_WARN_NON_LITERAL_NULL_CONVERSION = YES;
				CLANG_WARN_OBJC_IMPLICIT_RETAIN_SELF = YES;
				CLANG_WARN_OBJC_LITERAL_CONVERSION = YES;
				CLANG_WARN_OBJC_ROOT_CLASS = YES_ERROR;
				CLANG_WARN_RANGE_LOOP_ANALYSIS = YES;
				CLANG_WARN_STRICT_PROTOTYPES = YES;
				CLANG_WARN_SUSPICIOUS_MOVE = YES;
				CLANG_WARN_UNGUARDED_AVAILABILITY = YES_AGGRESSIVE;
				CLANG_WARN_UNREACHABLE_CODE = YES;
				CLANG_WARN__DUPLICATE_METHOD_MATCH = YES;
				CODE_SIGN_IDENTITY = "iPhone Developer";
				COPY_PHASE_STRIP = NO;
				DEBUG_INFORMATION_FORMAT = dwarf;
				ENABLE_STRICT_OBJC_MSGSEND = YES;
				ENABLE_TESTABILITY = YES;
				GCC_C_LANGUAGE_STANDARD = gnu11;
				GCC_DYNAMIC_NO_PIC = NO;
				GCC_NO_COMMON_BLOCKS = YES;
				GCC_OPTIMIZATION_LEVEL = 0;
				GCC_PREPROCESSOR_DEFINITIONS = (
					"DEBUG=1",
					"$(inherited)",
				);
				GCC_WARN_64_TO_32_BIT_CONVERSION = YES;
				GCC_WARN_ABOUT_RETURN_TYPE = YES_ERROR;
				GCC_WARN_UNDECLARED_SELECTOR = YES;
				GCC_WARN_UNINITIALIZED_AUTOS = YES_AGGRESSIVE;
				GCC_WARN_UNUSED_FUNCTION = YES;
				GCC_WARN_UNUSED_VARIABLE = YES;
				IPHONEOS_DEPLOYMENT_TARGET = 12.4;
				MTL_ENABLE_DEBUG_INFO = INCLUDE_SOURCE;
				MTL_FAST_MATH = YES;
				ONLY_ACTIVE_ARCH = YES;
				SDKROOT = iphoneos;
				SWIFT_ACTIVE_COMPILATION_CONDITIONS = DEBUG;
				SWIFT_OPTIMIZATION_LEVEL = "-Onone";
			};
			name = Debug;
		};
		3F0CD5ED2345270C00D569D7 /* Release */ = {
			isa = XCBuildConfiguration;
			buildSettings = {
				ALWAYS_SEARCH_USER_PATHS = NO;
				CLANG_ANALYZER_NONNULL = YES;
				CLANG_ANALYZER_NUMBER_OBJECT_CONVERSION = YES_AGGRESSIVE;
				CLANG_CXX_LANGUAGE_STANDARD = "gnu++14";
				CLANG_CXX_LIBRARY = "libc++";
				CLANG_ENABLE_MODULES = YES;
				CLANG_ENABLE_OBJC_ARC = YES;
				CLANG_ENABLE_OBJC_WEAK = YES;
				CLANG_WARN_BLOCK_CAPTURE_AUTORELEASING = YES;
				CLANG_WARN_BOOL_CONVERSION = YES;
				CLANG_WARN_COMMA = YES;
				CLANG_WARN_CONSTANT_CONVERSION = YES;
				CLANG_WARN_DEPRECATED_OBJC_IMPLEMENTATIONS = YES;
				CLANG_WARN_DIRECT_OBJC_ISA_USAGE = YES_ERROR;
				CLANG_WARN_DOCUMENTATION_COMMENTS = YES;
				CLANG_WARN_EMPTY_BODY = YES;
				CLANG_WARN_ENUM_CONVERSION = YES;
				CLANG_WARN_INFINITE_RECURSION = YES;
				CLANG_WARN_INT_CONVERSION = YES;
				CLANG_WARN_NON_LITERAL_NULL_CONVERSION = YES;
				CLANG_WARN_OBJC_IMPLICIT_RETAIN_SELF = YES;
				CLANG_WARN_OBJC_LITERAL_CONVERSION = YES;
				CLANG_WARN_OBJC_ROOT_CLASS = YES_ERROR;
				CLANG_WARN_RANGE_LOOP_ANALYSIS = YES;
				CLANG_WARN_STRICT_PROTOTYPES = YES;
				CLANG_WARN_SUSPICIOUS_MOVE = YES;
				CLANG_WARN_UNGUARDED_AVAILABILITY = YES_AGGRESSIVE;
				CLANG_WARN_UNREACHABLE_CODE = YES;
				CLANG_WARN__DUPLICATE_METHOD_MATCH = YES;
				CODE_SIGN_IDENTITY = "iPhone Developer";
				COPY_PHASE_STRIP = NO;
				DEBUG_INFORMATION_FORMAT = "dwarf-with-dsym";
				ENABLE_NS_ASSERTIONS = NO;
				ENABLE_STRICT_OBJC_MSGSEND = YES;
				GCC_C_LANGUAGE_STANDARD = gnu11;
				GCC_NO_COMMON_BLOCKS = YES;
				GCC_WARN_64_TO_32_BIT_CONVERSION = YES;
				GCC_WARN_ABOUT_RETURN_TYPE = YES_ERROR;
				GCC_WARN_UNDECLARED_SELECTOR = YES;
				GCC_WARN_UNINITIALIZED_AUTOS = YES_AGGRESSIVE;
				GCC_WARN_UNUSED_FUNCTION = YES;
				GCC_WARN_UNUSED_VARIABLE = YES;
				IPHONEOS_DEPLOYMENT_TARGET = 12.4;
				MTL_ENABLE_DEBUG_INFO = NO;
				MTL_FAST_MATH = YES;
				SDKROOT = iphoneos;
				SWIFT_COMPILATION_MODE = wholemodule;
				SWIFT_OPTIMIZATION_LEVEL = "-O";
				VALIDATE_PRODUCT = YES;
			};
			name = Release;
		};
		3F0CD5EF2345270C00D569D7 /* Debug */ = {
			isa = XCBuildConfiguration;
			buildSettings = {
				ASSETCATALOG_COMPILER_APPICON_NAME = AppIcon;
				CODE_SIGN_STYLE = Automatic;
				INFOPLIST_FILE = AulaMapKitUFRJTarde/Info.plist;
				LD_RUNPATH_SEARCH_PATHS = (
					"$(inherited)",
					"@executable_path/Frameworks",
				);
				PRODUCT_BUNDLE_IDENTIFIER = com.autolayoutufrj.AulaMapKitUFRJTarde;
				PRODUCT_NAME = "$(TARGET_NAME)";
				SWIFT_VERSION = 5.0;
				TARGETED_DEVICE_FAMILY = "1,2";
			};
			name = Debug;
		};
		3F0CD5F02345270C00D569D7 /* Release */ = {
			isa = XCBuildConfiguration;
			buildSettings = {
				ASSETCATALOG_COMPILER_APPICON_NAME = AppIcon;
				CODE_SIGN_STYLE = Automatic;
				INFOPLIST_FILE = AulaMapKitUFRJTarde/Info.plist;
				LD_RUNPATH_SEARCH_PATHS = (
					"$(inherited)",
					"@executable_path/Frameworks",
				);
				PRODUCT_BUNDLE_IDENTIFIER = com.autolayoutufrj.AulaMapKitUFRJTarde;
				PRODUCT_NAME = "$(TARGET_NAME)";
				SWIFT_VERSION = 5.0;
				TARGETED_DEVICE_FAMILY = "1,2";
			};
			name = Release;
		};
/* End XCBuildConfiguration section */

/* Begin XCConfigurationList section */
		3F0CD5D72345270B00D569D7 /* Build configuration list for PBXProject "AulaMapKitUFRJTarde" */ = {
			isa = XCConfigurationList;
			buildConfigurations = (
				3F0CD5EC2345270C00D569D7 /* Debug */,
				3F0CD5ED2345270C00D569D7 /* Release */,
			);
			defaultConfigurationIsVisible = 0;
			defaultConfigurationName = Release;
		};
		3F0CD5EE2345270C00D569D7 /* Build configuration list for PBXNativeTarget "AulaMapKitUFRJTarde" */ = {
			isa = XCConfigurationList;
			buildConfigurations = (
				3F0CD5EF2345270C00D569D7 /* Debug */,
				3F0CD5F02345270C00D569D7 /* Release */,
			);
			defaultConfigurationIsVisible = 0;
			defaultConfigurationName = Release;
		};
/* End XCConfigurationList section */
	};
	rootObject = 3F0CD5D42345270B00D569D7 /* Project object */;
}
